// !$*UTF8*$!
{
	archiveVersion = 1;
	classes = {
	};
	objectVersion = 56;
	objects = {

/* Begin PBXBuildFile section */
		18A433682A40146D0081A754 /* AppDelegate.swift in Sources */ = {isa = PBXBuildFile; fileRef = 18A433672A40146D0081A754 /* AppDelegate.swift */; };
		18A4336A2A40146D0081A754 /* SceneDelegate.swift in Sources */ = {isa = PBXBuildFile; fileRef = 18A433692A40146D0081A754 /* SceneDelegate.swift */; };
		18A4336C2A40146D0081A754 /* ViewController.swift in Sources */ = {isa = PBXBuildFile; fileRef = 18A4336B2A40146D0081A754 /* ViewController.swift */; };
		18A4336F2A40146D0081A754 /* Main.storyboard in Resources */ = {isa = PBXBuildFile; fileRef = 18A4336D2A40146D0081A754 /* Main.storyboard */; };
		18A433712A4014750081A754 /* Assets.xcassets in Resources */ = {isa = PBXBuildFile; fileRef = 18A433702A4014750081A754 /* Assets.xcassets */; };
		18A433742A4014750081A754 /* LaunchScreen.storyboard in Resources */ = {isa = PBXBuildFile; fileRef = 18A433722A4014750081A754 /* LaunchScreen.storyboard */; };
		18A4337F2A4014770081A754 /* FinancialAppTests.swift in Sources */ = {isa = PBXBuildFile; fileRef = 18A4337E2A4014770081A754 /* FinancialAppTests.swift */; };
		18A433892A4014770081A754 /* FinancialAppUITests.swift in Sources */ = {isa = PBXBuildFile; fileRef = 18A433882A4014770081A754 /* FinancialAppUITests.swift */; };
		18A4338B2A4014770081A754 /* FinancialAppUITestsLaunchTests.swift in Sources */ = {isa = PBXBuildFile; fileRef = 18A4338A2A4014770081A754 /* FinancialAppUITestsLaunchTests.swift */; };
/* End PBXBuildFile section */

/* Begin PBXContainerItemProxy section */
		18A4337B2A4014770081A754 /* PBXContainerItemProxy */ = {
			isa = PBXContainerItemProxy;
			containerPortal = 18A4335C2A40146D0081A754 /* Project object */;
			proxyType = 1;
			remoteGlobalIDString = 18A433632A40146D0081A754;
			remoteInfo = FinancialApp;
		};
		18A433852A4014770081A754 /* PBXContainerItemProxy */ = {
			isa = PBXContainerItemProxy;
			containerPortal = 18A4335C2A40146D0081A754 /* Project object */;
			proxyType = 1;
			remoteGlobalIDString = 18A433632A40146D0081A754;
			remoteInfo = FinancialApp;
		};
/* End PBXContainerItemProxy section */

/* Begin PBXFileReference section */
		18A433642A40146D0081A754 /* FinancialApp.app */ = {isa = PBXFileReference; explicitFileType = wrapper.application; includeInIndex = 0; path = FinancialApp.app; sourceTree = BUILT_PRODUCTS_DIR; };
		18A433672A40146D0081A754 /* AppDelegate.swift */ = {isa = PBXFileReference; lastKnownFileType = sourcecode.swift; path = AppDelegate.swift; sourceTree = "<group>"; };
		18A433692A40146D0081A754 /* SceneDelegate.swift */ = {isa = PBXFileReference; lastKnownFileType = sourcecode.swift; path = SceneDelegate.swift; sourceTree = "<group>"; };
		18A4336B2A40146D0081A754 /* ViewController.swift */ = {isa = PBXFileReference; lastKnownFileType = sourcecode.swift; path = ViewController.swift; sourceTree = "<group>"; };
		18A4336E2A40146D0081A754 /* Base */ = {isa = PBXFileReference; lastKnownFileType = file.storyboard; name = Base; path = Base.lproj/Main.storyboard; sourceTree = "<group>"; };
		18A433702A4014750081A754 /* Assets.xcassets */ = {isa = PBXFileReference; lastKnownFileType = folder.assetcatalog; path = Assets.xcassets; sourceTree = "<group>"; };
		18A433732A4014750081A754 /* Base */ = {isa = PBXFileReference; lastKnownFileType = file.storyboard; name = Base; path = Base.lproj/LaunchScreen.storyboard; sourceTree = "<group>"; };
		18A433752A4014750081A754 /* Info.plist */ = {isa = PBXFileReference; lastKnownFileType = text.plist.xml; path = Info.plist; sourceTree = "<group>"; };
		18A4337A2A4014770081A754 /* FinancialAppTests.xctest */ = {isa = PBXFileReference; explicitFileType = wrapper.cfbundle; includeInIndex = 0; path = FinancialAppTests.xctest; sourceTree = BUILT_PRODUCTS_DIR; };
		18A4337E2A4014770081A754 /* FinancialAppTests.swift */ = {isa = PBXFileReference; lastKnownFileType = sourcecode.swift; path = FinancialAppTests.swift; sourceTree = "<group>"; };
		18A433842A4014770081A754 /* FinancialAppUITests.xctest */ = {isa = PBXFileReference; explicitFileType = wrapper.cfbundle; includeInIndex = 0; path = FinancialAppUITests.xctest; sourceTree = BUILT_PRODUCTS_DIR; };
		18A433882A4014770081A754 /* FinancialAppUITests.swift */ = {isa = PBXFileReference; lastKnownFileType = sourcecode.swift; path = FinancialAppUITests.swift; sourceTree = "<group>"; };
		18A4338A2A4014770081A754 /* FinancialAppUITestsLaunchTests.swift */ = {isa = PBXFileReference; lastKnownFileType = sourcecode.swift; path = FinancialAppUITestsLaunchTests.swift; sourceTree = "<group>"; };
/* End PBXFileReference section */

/* Begin PBXFrameworksBuildPhase section */
		18A433612A40146D0081A754 /* Frameworks */ = {
			isa = PBXFrameworksBuildPhase;
			buildActionMask = 2147483647;
			files = (
			);
			runOnlyForDeploymentPostprocessing = 0;
		};
		18A433772A4014770081A754 /* Frameworks */ = {
			isa = PBXFrameworksBuildPhase;
			buildActionMask = 2147483647;
			files = (
			);
			runOnlyForDeploymentPostprocessing = 0;
		};
		18A433812A4014770081A754 /* Frameworks */ = {
			isa = PBXFrameworksBuildPhase;
			buildActionMask = 2147483647;
			files = (
			);
			runOnlyForDeploymentPostprocessing = 0;
		};
/* End PBXFrameworksBuildPhase section */

/* Begin PBXGroup section */
		18A4335B2A40146D0081A754 = {
			isa = PBXGroup;
			children = (
				18A433662A40146D0081A754 /* FinancialApp */,
				18A4337D2A4014770081A754 /* FinancialAppTests */,
				18A433872A4014770081A754 /* FinancialAppUITests */,
				18A433652A40146D0081A754 /* Products */,
			);
			sourceTree = "<group>";
		};
		18A433652A40146D0081A754 /* Products */ = {
			isa = PBXGroup;
			children = (
				18A433642A40146D0081A754 /* FinancialApp.app */,
				18A4337A2A4014770081A754 /* FinancialAppTests.xctest */,
				18A433842A4014770081A754 /* FinancialAppUITests.xctest */,
			);
			name = Products;
			sourceTree = "<group>";
		};
		18A433662A40146D0081A754 /* FinancialApp */ = {
			isa = PBXGroup;
			children = (
				18A433672A40146D0081A754 /* AppDelegate.swift */,
				18A433692A40146D0081A754 /* SceneDelegate.swift */,
				18A4336B2A40146D0081A754 /* ViewController.swift */,
				18A4336D2A40146D0081A754 /* Main.storyboard */,
				18A433702A4014750081A754 /* Assets.xcassets */,
				18A433722A4014750081A754 /* LaunchScreen.storyboard */,
				18A433752A4014750081A754 /* Info.plist */,
			);
			path = FinancialApp;
			sourceTree = "<group>";
		};
		18A4337D2A4014770081A754 /* FinancialAppTests */ = {
			isa = PBXGroup;
			children = (
				18A4337E2A4014770081A754 /* FinancialAppTests.swift */,
			);
			path = FinancialAppTests;
			sourceTree = "<group>";
		};
		18A433872A4014770081A754 /* FinancialAppUITests */ = {
			isa = PBXGroup;
			children = (
				18A433882A4014770081A754 /* FinancialAppUITests.swift */,
				18A4338A2A4014770081A754 /* FinancialAppUITestsLaunchTests.swift */,
			);
			path = FinancialAppUITests;
			sourceTree = "<group>";
		};
/* End PBXGroup section */

/* Begin PBXNativeTarget section */
		18A433632A40146D0081A754 /* FinancialApp */ = {
			isa = PBXNativeTarget;
			buildConfigurationList = 18A4338E2A4014770081A754 /* Build configuration list for PBXNativeTarget "FinancialApp" */;
			buildPhases = (
				18A433602A40146D0081A754 /* Sources */,
				18A433612A40146D0081A754 /* Frameworks */,
				18A433622A40146D0081A754 /* Resources */,
			);
			buildRules = (
			);
			dependencies = (
			);
			name = FinancialApp;
			productName = FinancialApp;
			productReference = 18A433642A40146D0081A754 /* FinancialApp.app */;
			productType = "com.apple.product-type.application";
		};
		18A433792A4014770081A754 /* FinancialAppTests */ = {
			isa = PBXNativeTarget;
			buildConfigurationList = 18A433912A4014770081A754 /* Build configuration list for PBXNativeTarget "FinancialAppTests" */;
			buildPhases = (
				18A433762A4014770081A754 /* Sources */,
				18A433772A4014770081A754 /* Frameworks */,
				18A433782A4014770081A754 /* Resources */,
			);
			buildRules = (
			);
			dependencies = (
				18A4337C2A4014770081A754 /* PBXTargetDependency */,
			);
			name = FinancialAppTests;
			productName = FinancialAppTests;
			productReference = 18A4337A2A4014770081A754 /* FinancialAppTests.xctest */;
			productType = "com.apple.product-type.bundle.unit-test";
		};
		18A433832A4014770081A754 /* FinancialAppUITests */ = {
			isa = PBXNativeTarget;
			buildConfigurationList = 18A433942A4014770081A754 /* Build configuration list for PBXNativeTarget "FinancialAppUITests" */;
			buildPhases = (
				18A433802A4014770081A754 /* Sources */,
				18A433812A4014770081A754 /* Frameworks */,
				18A433822A4014770081A754 /* Resources */,
			);
			buildRules = (
			);
			dependencies = (
				18A433862A4014770081A754 /* PBXTargetDependency */,
			);
			name = FinancialAppUITests;
			productName = FinancialAppUITests;
			productReference = 18A433842A4014770081A754 /* FinancialAppUITests.xctest */;
			productType = "com.apple.product-type.bundle.ui-testing";
		};
/* End PBXNativeTarget section */

/* Begin PBXProject section */
		18A4335C2A40146D0081A754 /* Project object */ = {
			isa = PBXProject;
			attributes = {
				BuildIndependentTargetsInParallel = 1;
				LastSwiftUpdateCheck = 1400;
				LastUpgradeCheck = 1400;
				TargetAttributes = {
					18A433632A40146D0081A754 = {
						CreatedOnToolsVersion = 14.0.1;
					};
					18A433792A4014770081A754 = {
						CreatedOnToolsVersion = 14.0.1;
						TestTargetID = 18A433632A40146D0081A754;
					};
					18A433832A4014770081A754 = {
						CreatedOnToolsVersion = 14.0.1;
						TestTargetID = 18A433632A40146D0081A754;
					};
				};
			};
			buildConfigurationList = 18A4335F2A40146D0081A754 /* Build configuration list for PBXProject "FinancialApp" */;
			compatibilityVersion = "Xcode 14.0";
			developmentRegion = en;
			hasScannedForEncodings = 0;
			knownRegions = (
				en,
				Base,
			);
			mainGroup = 18A4335B2A40146D0081A754;
			productRefGroup = 18A433652A40146D0081A754 /* Products */;
			projectDirPath = "";
			projectRoot = "";
			targets = (
				18A433632A40146D0081A754 /* FinancialApp */,
				18A433792A4014770081A754 /* FinancialAppTests */,
				18A433832A4014770081A754 /* FinancialAppUITests */,
			);
		};
/* End PBXProject section */

/* Begin PBXResourcesBuildPhase section */
		18A433622A40146D0081A754 /* Resources */ = {
			isa = PBXResourcesBuildPhase;
			buildActionMask = 2147483647;
			files = (
				18A433742A4014750081A754 /* LaunchScreen.storyboard in Resources */,
				18A433712A4014750081A754 /* Assets.xcassets in Resources */,
				18A4336F2A40146D0081A754 /* Main.storyboard in Resources */,
			);
			runOnlyForDeploymentPostprocessing = 0;
		};
		18A433782A4014770081A754 /* Resources */ = {
			isa = PBXResourcesBuildPhase;
			buildActionMask = 2147483647;
			files = (
			);
			runOnlyForDeploymentPostprocessing = 0;
		};
		18A433822A4014770081A754 /* Resources */ = {
			isa = PBXResourcesBuildPhase;
			buildActionMask = 2147483647;
			files = (
			);
			runOnlyForDeploymentPostprocessing = 0;
		};
/* End PBXResourcesBuildPhase section */

/* Begin PBXSourcesBuildPhase section */
		18A433602A40146D0081A754 /* Sources */ = {
			isa = PBXSourcesBuildPhase;
			buildActionMask = 2147483647;
			files = (
				18A4336C2A40146D0081A754 /* ViewController.swift in Sources */,
				18A433682A40146D0081A754 /* AppDelegate.swift in Sources */,
				18A4336A2A40146D0081A754 /* SceneDelegate.swift in Sources */,
			);
			runOnlyForDeploymentPostprocessing = 0;
		};
		18A433762A4014770081A754 /* Sources */ = {
			isa = PBXSourcesBuildPhase;
			buildActionMask = 2147483647;
			files = (
				18A4337F2A4014770081A754 /* FinancialAppTests.swift in Sources */,
			);
			runOnlyForDeploymentPostprocessing = 0;
		};
		18A433802A4014770081A754 /* Sources */ = {
			isa = PBXSourcesBuildPhase;
			buildActionMask = 2147483647;
			files = (
				18A4338B2A4014770081A754 /* FinancialAppUITestsLaunchTests.swift in Sources */,
				18A433892A4014770081A754 /* FinancialAppUITests.swift in Sources */,
			);
			runOnlyForDeploymentPostprocessing = 0;
		};
/* End PBXSourcesBuildPhase section */

/* Begin PBXTargetDependency section */
		18A4337C2A4014770081A754 /* PBXTargetDependency */ = {
			isa = PBXTargetDependency;
			target = 18A433632A40146D0081A754 /* FinancialApp */;
			targetProxy = 18A4337B2A4014770081A754 /* PBXContainerItemProxy */;
		};
		18A433862A4014770081A754 /* PBXTargetDependency */ = {
			isa = PBXTargetDependency;
			target = 18A433632A40146D0081A754 /* FinancialApp */;
			targetProxy = 18A433852A4014770081A754 /* PBXContainerItemProxy */;
		};
/* End PBXTargetDependency section */

/* Begin PBXVariantGroup section */
		18A4336D2A40146D0081A754 /* Main.storyboard */ = {
			isa = PBXVariantGroup;
			children = (
				18A4336E2A40146D0081A754 /* Base */,
			);
			name = Main.storyboard;
			sourceTree = "<group>";
		};
		18A433722A4014750081A754 /* LaunchScreen.storyboard */ = {
			isa = PBXVariantGroup;
			children = (
				18A433732A4014750081A754 /* Base */,
			);
			name = LaunchScreen.storyboard;
			sourceTree = "<group>";
		};
/* End PBXVariantGroup section */

/* Begin XCBuildConfiguration section */
		18A4338C2A4014770081A754 /* Debug */ = {
			isa = XCBuildConfiguration;
			buildSettings = {
				ALWAYS_SEARCH_USER_PATHS = NO;
				CLANG_ANALYZER_NONNULL = YES;
				CLANG_ANALYZER_NUMBER_OBJECT_CONVERSION = YES_AGGRESSIVE;
				CLANG_CXX_LANGUAGE_STANDARD = "gnu++20";
				CLANG_ENABLE_MODULES = YES;
				CLANG_ENABLE_OBJC_ARC = YES;
				CLANG_ENABLE_OBJC_WEAK = YES;
				CLANG_WARN_BLOCK_CAPTURE_AUTORELEASING = YES;
				CLANG_WARN_BOOL_CONVERSION = YES;
				CLANG_WARN_COMMA = YES;
				CLANG_WARN_CONSTANT_CONVERSION = YES;
				CLANG_WARN_DEPRECATED_OBJC_IMPLEMENTATIONS = YES;
				CLANG_WARN_DIRECT_OBJC_ISA_USAGE = YES_ERROR;
				CLANG_WARN_DOCUMENTATION_COMMENTS = YES;
				CLANG_WARN_EMPTY_BODY = YES;
				CLANG_WARN_ENUM_CONVERSION = YES;
				CLANG_WARN_INFINITE_RECURSION = YES;
				CLANG_WARN_INT_CONVERSION = YES;
				CLANG_WARN_NON_LITERAL_NULL_CONVERSION = YES;
				CLANG_WARN_OBJC_IMPLICIT_RETAIN_SELF = YES;
				CLANG_WARN_OBJC_LITERAL_CONVERSION = YES;
				CLANG_WARN_OBJC_ROOT_CLASS = YES_ERROR;
				CLANG_WARN_QUOTED_INCLUDE_IN_FRAMEWORK_HEADER = YES;
				CLANG_WARN_RANGE_LOOP_ANALYSIS = YES;
				CLANG_WARN_STRICT_PROTOTYPES = YES;
				CLANG_WARN_SUSPICIOUS_MOVE = YES;
				CLANG_WARN_UNGUARDED_AVAILABILITY = YES_AGGRESSIVE;
				CLANG_WARN_UNREACHABLE_CODE = YES;
				CLANG_WARN__DUPLICATE_METHOD_MATCH = YES;
				COPY_PHASE_STRIP = NO;
				DEBUG_INFORMATION_FORMAT = dwarf;
				ENABLE_STRICT_OBJC_MSGSEND = YES;
				ENABLE_TESTABILITY = YES;
				GCC_C_LANGUAGE_STANDARD = gnu11;
				GCC_DYNAMIC_NO_PIC = NO;
				GCC_NO_COMMON_BLOCKS = YES;
				GCC_OPTIMIZATION_LEVEL = 0;
				GCC_PREPROCESSOR_DEFINITIONS = (
					"DEBUG=1",
					"$(inherited)",
				);
				GCC_WARN_64_TO_32_BIT_CONVERSION = YES;
				GCC_WARN_ABOUT_RETURN_TYPE = YES_ERROR;
				GCC_WARN_UNDECLARED_SELECTOR = YES;
				GCC_WARN_UNINITIALIZED_AUTOS = YES_AGGRESSIVE;
				GCC_WARN_UNUSED_FUNCTION = YES;
				GCC_WARN_UNUSED_VARIABLE = YES;
				IPHONEOS_DEPLOYMENT_TARGET = 16.0;
				MTL_ENABLE_DEBUG_INFO = INCLUDE_SOURCE;
				MTL_FAST_MATH = YES;
				ONLY_ACTIVE_ARCH = YES;
				SDKROOT = iphoneos;
				SWIFT_ACTIVE_COMPILATION_CONDITIONS = DEBUG;
				SWIFT_OPTIMIZATION_LEVEL = "-Onone";
			};
			name = Debug;
		};
		18A4338D2A4014770081A754 /* Release */ = {
			isa = XCBuildConfiguration;
			buildSettings = {
				ALWAYS_SEARCH_USER_PATHS = NO;
				CLANG_ANALYZER_NONNULL = YES;
				CLANG_ANALYZER_NUMBER_OBJECT_CONVERSION = YES_AGGRESSIVE;
				CLANG_CXX_LANGUAGE_STANDARD = "gnu++20";
				CLANG_ENABLE_MODULES = YES;
				CLANG_ENABLE_OBJC_ARC = YES;
				CLANG_ENABLE_OBJC_WEAK = YES;
				CLANG_WARN_BLOCK_CAPTURE_AUTORELEASING = YES;
				CLANG_WARN_BOOL_CONVERSION = YES;
				CLANG_WARN_COMMA = YES;
				CLANG_WARN_CONSTANT_CONVERSION = YES;
				CLANG_WARN_DEPRECATED_OBJC_IMPLEMENTATIONS = YES;
				CLANG_WARN_DIRECT_OBJC_ISA_USAGE = YES_ERROR;
				CLANG_WARN_DOCUMENTATION_COMMENTS = YES;
				CLANG_WARN_EMPTY_BODY = YES;
				CLANG_WARN_ENUM_CONVERSION = YES;
				CLANG_WARN_INFINITE_RECURSION = YES;
				CLANG_WARN_INT_CONVERSION = YES;
				CLANG_WARN_NON_LITERAL_NULL_CONVERSION = YES;
				CLANG_WARN_OBJC_IMPLICIT_RETAIN_SELF = YES;
				CLANG_WARN_OBJC_LITERAL_CONVERSION = YES;
				CLANG_WARN_OBJC_ROOT_CLASS = YES_ERROR;
				CLANG_WARN_QUOTED_INCLUDE_IN_FRAMEWORK_HEADER = YES;
				CLANG_WARN_RANGE_LOOP_ANALYSIS = YES;
				CLANG_WARN_STRICT_PROTOTYPES = YES;
				CLANG_WARN_SUSPICIOUS_MOVE = YES;
				CLANG_WARN_UNGUARDED_AVAILABILITY = YES_AGGRESSIVE;
				CLANG_WARN_UNREACHABLE_CODE = YES;
				CLANG_WARN__DUPLICATE_METHOD_MATCH = YES;
				COPY_PHASE_STRIP = NO;
				DEBUG_INFORMATION_FORMAT = "dwarf-with-dsym";
				ENABLE_NS_ASSERTIONS = NO;
				ENABLE_STRICT_OBJC_MSGSEND = YES;
				GCC_C_LANGUAGE_STANDARD = gnu11;
				GCC_NO_COMMON_BLOCKS = YES;
				GCC_WARN_64_TO_32_BIT_CONVERSION = YES;
				GCC_WARN_ABOUT_RETURN_TYPE = YES_ERROR;
				GCC_WARN_UNDECLARED_SELECTOR = YES;
				GCC_WARN_UNINITIALIZED_AUTOS = YES_AGGRESSIVE;
				GCC_WARN_UNUSED_FUNCTION = YES;
				GCC_WARN_UNUSED_VARIABLE = YES;
				IPHONEOS_DEPLOYMENT_TARGET = 16.0;
				MTL_ENABLE_DEBUG_INFO = NO;
				MTL_FAST_MATH = YES;
				SDKROOT = iphoneos;
				SWIFT_COMPILATION_MODE = wholemodule;
				SWIFT_OPTIMIZATION_LEVEL = "-O";
				VALIDATE_PRODUCT = YES;
			};
			name = Release;
		};
		18A4338F2A4014770081A754 /* Debug */ = {
			isa = XCBuildConfiguration;
			buildSettings = {
				ASSETCATALOG_COMPILER_APPICON_NAME = AppIcon;
				ASSETCATALOG_COMPILER_GLOBAL_ACCENT_COLOR_NAME = AccentColor;
				CODE_SIGN_STYLE = Automatic;
				CURRENT_PROJECT_VERSION = 1;
				GENERATE_INFOPLIST_FILE = YES;
				INFOPLIST_FILE = FinancialApp/Info.plist;
				INFOPLIST_KEY_UIApplicationSupportsIndirectInputEvents = YES;
				INFOPLIST_KEY_UILaunchStoryboardName = LaunchScreen;
				INFOPLIST_KEY_UIMainStoryboardFile = Main;
				INFOPLIST_KEY_UISupportedInterfaceOrientations_iPad = "UIInterfaceOrientationPortrait UIInterfaceOrientationPortraitUpsideDown UIInterfaceOrientationLandscapeLeft UIInterfaceOrientationLandscapeRight";
				INFOPLIST_KEY_UISupportedInterfaceOrientations_iPhone = "UIInterfaceOrientationPortrait UIInterfaceOrientationLandscapeLeft UIInterfaceOrientationLandscapeRight";
				LD_RUNPATH_SEARCH_PATHS = (
					"$(inherited)",
					"@executable_path/Frameworks",
				);
				MARKETING_VERSION = 1.0;
				PRODUCT_BUNDLE_IDENTIFIER = com.sample.FinancialApp;
				PRODUCT_NAME = "$(TARGET_NAME)";
				SWIFT_EMIT_LOC_STRINGS = YES;
				SWIFT_VERSION = 5.0;
				TARGETED_DEVICE_FAMILY = "1,2";
			};
			name = Debug;
		};
		18A433902A4014770081A754 /* Release */ = {
			isa = XCBuildConfiguration;
			buildSettings = {
				ASSETCATALOG_COMPILER_APPICON_NAME = AppIcon;
				ASSETCATALOG_COMPILER_GLOBAL_ACCENT_COLOR_NAME = AccentColor;
				CODE_SIGN_STYLE = Automatic;
				CURRENT_PROJECT_VERSION = 1;
				GENERATE_INFOPLIST_FILE = YES;
				INFOPLIST_FILE = FinancialApp/Info.plist;
				INFOPLIST_KEY_UIApplicationSupportsIndirectInputEvents = YES;
				INFOPLIST_KEY_UILaunchStoryboardName = LaunchScreen;
				INFOPLIST_KEY_UIMainStoryboardFile = Main;
				INFOPLIST_KEY_UISupportedInterfaceOrientations_iPad = "UIInterfaceOrientationPortrait UIInterfaceOrientationPortraitUpsideDown UIInterfaceOrientationLandscapeLeft UIInterfaceOrientationLandscapeRight";
				INFOPLIST_KEY_UISupportedInterfaceOrientations_iPhone = "UIInterfaceOrientationPortrait UIInterfaceOrientationLandscapeLeft UIInterfaceOrientationLandscapeRight";
				LD_RUNPATH_SEARCH_PATHS = (
					"$(inherited)",
					"@executable_path/Frameworks",
				);
				MARKETING_VERSION = 1.0;
				PRODUCT_BUNDLE_IDENTIFIER = com.sample.FinancialApp;
				PRODUCT_NAME = "$(TARGET_NAME)";
				SWIFT_EMIT_LOC_STRINGS = YES;
				SWIFT_VERSION = 5.0;
				TARGETED_DEVICE_FAMILY = "1,2";
			};
			name = Release;
		};
		18A433922A4014770081A754 /* Debug */ = {
			isa = XCBuildConfiguration;
			buildSettings = {
				ALWAYS_EMBED_SWIFT_STANDARD_LIBRARIES = YES;
				BUNDLE_LOADER = "$(TEST_HOST)";
				CODE_SIGN_STYLE = Automatic;
				CURRENT_PROJECT_VERSION = 1;
				GENERATE_INFOPLIST_FILE = YES;
				IPHONEOS_DEPLOYMENT_TARGET = 16.0;
				MARKETING_VERSION = 1.0;
				PRODUCT_BUNDLE_IDENTIFIER = com.sample.FinancialAppTests;
				PRODUCT_NAME = "$(TARGET_NAME)";
				SWIFT_EMIT_LOC_STRINGS = NO;
				SWIFT_VERSION = 5.0;
				TARGETED_DEVICE_FAMILY = "1,2";
				TEST_HOST = "$(BUILT_PRODUCTS_DIR)/FinancialApp.app/$(BUNDLE_EXECUTABLE_FOLDER_PATH)/FinancialApp";
			};
			name = Debug;
		};
		18A433932A4014770081A754 /* Release */ = {
			isa = XCBuildConfiguration;
			buildSettings = {
				ALWAYS_EMBED_SWIFT_STANDARD_LIBRARIES = YES;
				BUNDLE_LOADER = "$(TEST_HOST)";
				CODE_SIGN_STYLE = Automatic;
				CURRENT_PROJECT_VERSION = 1;
				GENERATE_INFOPLIST_FILE = YES;
				IPHONEOS_DEPLOYMENT_TARGET = 16.0;
				MARKETING_VERSION = 1.0;
				PRODUCT_BUNDLE_IDENTIFIER = com.sample.FinancialAppTests;
				PRODUCT_NAME = "$(TARGET_NAME)";
				SWIFT_EMIT_LOC_STRINGS = NO;
				SWIFT_VERSION = 5.0;
				TARGETED_DEVICE_FAMILY = "1,2";
				TEST_HOST = "$(BUILT_PRODUCTS_DIR)/FinancialApp.app/$(BUNDLE_EXECUTABLE_FOLDER_PATH)/FinancialApp";
			};
			name = Release;
		};
		18A433952A4014770081A754 /* Debug */ = {
			isa = XCBuildConfiguration;
			buildSettings = {
				ALWAYS_EMBED_SWIFT_STANDARD_LIBRARIES = YES;
				CODE_SIGN_STYLE = Automatic;
				CURRENT_PROJECT_VERSION = 1;
				GENERATE_INFOPLIST_FILE = YES;
				MARKETING_VERSION = 1.0;
				PRODUCT_BUNDLE_IDENTIFIER = com.sample.FinancialAppUITests;
				PRODUCT_NAME = "$(TARGET_NAME)";
				SWIFT_EMIT_LOC_STRINGS = NO;
				SWIFT_VERSION = 5.0;
				TARGETED_DEVICE_FAMILY = "1,2";
				TEST_TARGET_NAME = FinancialApp;
			};
			name = Debug;
		};
		18A433962A4014770081A754 /* Release */ = {
			isa = XCBuildConfiguration;
			buildSettings = {
				ALWAYS_EMBED_SWIFT_STANDARD_LIBRARIES = YES;
				CODE_SIGN_STYLE = Automatic;
				CURRENT_PROJECT_VERSION = 1;
				GENERATE_INFOPLIST_FILE = YES;
				MARKETING_VERSION = 1.0;
				PRODUCT_BUNDLE_IDENTIFIER = com.sample.FinancialAppUITests;
				PRODUCT_NAME = "$(TARGET_NAME)";
				SWIFT_EMIT_LOC_STRINGS = NO;
				SWIFT_VERSION = 5.0;
				TARGETED_DEVICE_FAMILY = "1,2";
				TEST_TARGET_NAME = FinancialApp;
			};
			name = Release;
		};
/* End XCBuildConfiguration section */

/* Begin XCConfigurationList section */
		18A4335F2A40146D0081A754 /* Build configuration list for PBXProject "FinancialApp" */ = {
			isa = XCConfigurationList;
			buildConfigurations = (
				18A4338C2A4014770081A754 /* Debug */,
				18A4338D2A4014770081A754 /* Release */,
			);
			defaultConfigurationIsVisible = 0;
			defaultConfigurationName = Release;
		};
		18A4338E2A4014770081A754 /* Build configuration list for PBXNativeTarget "FinancialApp" */ = {
			isa = XCConfigurationList;
			buildConfigurations = (
				18A4338F2A4014770081A754 /* Debug */,
				18A433902A4014770081A754 /* Release */,
			);
			defaultConfigurationIsVisible = 0;
			defaultConfigurationName = Release;
		};
		18A433912A4014770081A754 /* Build configuration list for PBXNativeTarget "FinancialAppTests" */ = {
			isa = XCConfigurationList;
			buildConfigurations = (
				18A433922A4014770081A754 /* Debug */,
				18A433932A4014770081A754 /* Release */,
			);
			defaultConfigurationIsVisible = 0;
			defaultConfigurationName = Release;
		};
		18A433942A4014770081A754 /* Build configuration list for PBXNativeTarget "FinancialAppUITests" */ = {
			isa = XCConfigurationList;
			buildConfigurations = (
				18A433952A4014770081A754 /* Debug */,
				18A433962A4014770081A754 /* Release */,
			);
			defaultConfigurationIsVisible = 0;
			defaultConfigurationName = Release;
		};
/* End XCConfigurationList section */
	};
	rootObject = 18A4335C2A40146D0081A754 /* Project object */;
}
